// !$*UTF8*$!
{
	archiveVersion = 1;
	classes = {
	};
	objectVersion = 51;
	objects = {

/* Begin PBXBuildFile section */
		5CF334011AEB5AEAA8E24C8B /* Pods_Electromarket.framework in Frameworks */ = {isa = PBXBuildFile; fileRef = B2341EF7D324E4F18A2F11F8 /* Pods_Electromarket.framework */; };
		8401D1902601ECBC00F6D079 /* RootControllerSettings.swift in Sources */ = {isa = PBXBuildFile; fileRef = 8401D18F2601ECBC00F6D079 /* RootControllerSettings.swift */; };
		8401D19826020B7100F6D079 /* RegistrationScreenVC.swift in Sources */ = {isa = PBXBuildFile; fileRef = 8401D19726020B7100F6D079 /* RegistrationScreenVC.swift */; };
		841E0B4F25D5934E0013A20E /* TestListCell.swift in Sources */ = {isa = PBXBuildFile; fileRef = 841E0B4E25D5934E0013A20E /* TestListCell.swift */; };
		841E0B5325D599D40013A20E /* TestVideoVC.swift in Sources */ = {isa = PBXBuildFile; fileRef = 841E0B5225D599D40013A20E /* TestVideoVC.swift */; };
		841E0B5A25D59C7F0013A20E /* TestScreenVC.swift in Sources */ = {isa = PBXBuildFile; fileRef = 841E0B5925D59C7F0013A20E /* TestScreenVC.swift */; };
		841E0B6125D5A30C0013A20E /* FirebaseAuthManager.swift in Sources */ = {isa = PBXBuildFile; fileRef = 841E0B6025D5A30C0013A20E /* FirebaseAuthManager.swift */; };
		846477AA260486570078320A /* User.swift in Sources */ = {isa = PBXBuildFile; fileRef = 846477A9260486570078320A /* User.swift */; };
		848629D826DCCB7E00EC7BF1 /* LearnInformationScreen.storyboard in Resources */ = {isa = PBXBuildFile; fileRef = 848629D726DCCB7E00EC7BF1 /* LearnInformationScreen.storyboard */; };
		848629DA26DCCEC500EC7BF1 /* MainTabBar.storyboard in Resources */ = {isa = PBXBuildFile; fileRef = 848629D926DCCEC500EC7BF1 /* MainTabBar.storyboard */; };
		848629DC26DCCF8C00EC7BF1 /* TestListScreen.storyboard in Resources */ = {isa = PBXBuildFile; fileRef = 848629DB26DCCF8C00EC7BF1 /* TestListScreen.storyboard */; };
		848629DE26DCCFDE00EC7BF1 /* ProfileScreen.storyboard in Resources */ = {isa = PBXBuildFile; fileRef = 848629DD26DCCFDE00EC7BF1 /* ProfileScreen.storyboard */; };
		848629E026DCD22000EC7BF1 /* RegistrationScreen.storyboard in Resources */ = {isa = PBXBuildFile; fileRef = 848629DF26DCD22000EC7BF1 /* RegistrationScreen.storyboard */; };
		848629E226DCD4BB00EC7BF1 /* LoginScreen.storyboard in Resources */ = {isa = PBXBuildFile; fileRef = 848629E126DCD4BB00EC7BF1 /* LoginScreen.storyboard */; };
		848629E826DCE33000EC7BF1 /* UIViewController.swift in Sources */ = {isa = PBXBuildFile; fileRef = 848629E726DCE33000EC7BF1 /* UIViewController.swift */; };
		848B7A4C26008FCA005DE9D1 /* GoogleService-Info.plist in Resources */ = {isa = PBXBuildFile; fileRef = 848B7A4B26008FCA005DE9D1 /* GoogleService-Info.plist */; };
		84A0D69126F9C21600A0474B /* WriteAnswerScreenVC.swift in Sources */ = {isa = PBXBuildFile; fileRef = 84A0D69026F9C21600A0474B /* WriteAnswerScreenVC.swift */; };
		84A0D69426F9C23300A0474B /* WriteAnswerScreen.storyboard in Resources */ = {isa = PBXBuildFile; fileRef = 84A0D69326F9C23300A0474B /* WriteAnswerScreen.storyboard */; };
		84AF0F8725B1E483007DE6CC /* AppDelegate.swift in Sources */ = {isa = PBXBuildFile; fileRef = 84AF0F8625B1E483007DE6CC /* AppDelegate.swift */; };
		84AF0F8925B1E483007DE6CC /* SceneDelegate.swift in Sources */ = {isa = PBXBuildFile; fileRef = 84AF0F8825B1E483007DE6CC /* SceneDelegate.swift */; };
		84AF0F8B25B1E483007DE6CC /* LoginScreenVC.swift in Sources */ = {isa = PBXBuildFile; fileRef = 84AF0F8A25B1E483007DE6CC /* LoginScreenVC.swift */; };
		84AF0F8E25B1E483007DE6CC /* Main.storyboard in Resources */ = {isa = PBXBuildFile; fileRef = 84AF0F8C25B1E483007DE6CC /* Main.storyboard */; };
		84AF0F9025B1E483007DE6CC /* Assets.xcassets in Resources */ = {isa = PBXBuildFile; fileRef = 84AF0F8F25B1E483007DE6CC /* Assets.xcassets */; };
		84AF0F9325B1E483007DE6CC /* LaunchScreen.storyboard in Resources */ = {isa = PBXBuildFile; fileRef = 84AF0F9125B1E483007DE6CC /* LaunchScreen.storyboard */; };
		84B002DD25EE69B800D4C82F /* ProfileScreenVC.swift in Sources */ = {isa = PBXBuildFile; fileRef = 84B002DC25EE69B800D4C82F /* ProfileScreenVC.swift */; };
		84B22A102645440400E51B41 /* MapKit.framework in Frameworks */ = {isa = PBXBuildFile; fileRef = 84B22A0F2645440400E51B41 /* MapKit.framework */; };
		84B8E44426B939E8008B26BF /* UIVIew.swift in Sources */ = {isa = PBXBuildFile; fileRef = 84B8E44326B939E8008B26BF /* UIVIew.swift */; };
		84DB8A9525D2B91800B220C4 /* TestListScreenVC.swift in Sources */ = {isa = PBXBuildFile; fileRef = 84DB8A9425D2B91800B220C4 /* TestListScreenVC.swift */; };
		84DB8A9D25D2C06800B220C4 /* TestScreen.storyboard in Resources */ = {isa = PBXBuildFile; fileRef = 84DB8A9C25D2C06800B220C4 /* TestScreen.storyboard */; };
		84F8D1DD26650A1B00CEBF36 /* ProfileTableViewCell.swift in Sources */ = {isa = PBXBuildFile; fileRef = 84F8D1DC26650A1B00CEBF36 /* ProfileTableViewCell.swift */; };
/* End PBXBuildFile section */

/* Begin PBXFileReference section */
		3E2366C746A1856F5F00A56A /* Pods-Electromarket.debug.xcconfig */ = {isa = PBXFileReference; includeInIndex = 1; lastKnownFileType = text.xcconfig; name = "Pods-Electromarket.debug.xcconfig"; path = "Target Support Files/Pods-Electromarket/Pods-Electromarket.debug.xcconfig"; sourceTree = "<group>"; };
		7D5C7F0E30C3547AE5779C27 /* Pods-Electromarket.release.xcconfig */ = {isa = PBXFileReference; includeInIndex = 1; lastKnownFileType = text.xcconfig; name = "Pods-Electromarket.release.xcconfig"; path = "Target Support Files/Pods-Electromarket/Pods-Electromarket.release.xcconfig"; sourceTree = "<group>"; };
		8401D18F2601ECBC00F6D079 /* RootControllerSettings.swift */ = {isa = PBXFileReference; lastKnownFileType = sourcecode.swift; path = RootControllerSettings.swift; sourceTree = "<group>"; };
		8401D19726020B7100F6D079 /* RegistrationScreenVC.swift */ = {isa = PBXFileReference; lastKnownFileType = sourcecode.swift; path = RegistrationScreenVC.swift; sourceTree = "<group>"; };
		841E0B4E25D5934E0013A20E /* TestListCell.swift */ = {isa = PBXFileReference; lastKnownFileType = sourcecode.swift; path = TestListCell.swift; sourceTree = "<group>"; };
		841E0B5225D599D40013A20E /* TestVideoVC.swift */ = {isa = PBXFileReference; lastKnownFileType = sourcecode.swift; path = TestVideoVC.swift; sourceTree = "<group>"; };
		841E0B5925D59C7F0013A20E /* TestScreenVC.swift */ = {isa = PBXFileReference; lastKnownFileType = sourcecode.swift; path = TestScreenVC.swift; sourceTree = "<group>"; };
		841E0B6025D5A30C0013A20E /* FirebaseAuthManager.swift */ = {isa = PBXFileReference; lastKnownFileType = sourcecode.swift; path = FirebaseAuthManager.swift; sourceTree = "<group>"; };
		846477A9260486570078320A /* User.swift */ = {isa = PBXFileReference; lastKnownFileType = sourcecode.swift; path = User.swift; sourceTree = "<group>"; };
		848629D726DCCB7E00EC7BF1 /* LearnInformationScreen.storyboard */ = {isa = PBXFileReference; lastKnownFileType = file.storyboard; path = LearnInformationScreen.storyboard; sourceTree = "<group>"; };
		848629D926DCCEC500EC7BF1 /* MainTabBar.storyboard */ = {isa = PBXFileReference; lastKnownFileType = file.storyboard; path = MainTabBar.storyboard; sourceTree = "<group>"; };
		848629DB26DCCF8C00EC7BF1 /* TestListScreen.storyboard */ = {isa = PBXFileReference; lastKnownFileType = file.storyboard; path = TestListScreen.storyboard; sourceTree = "<group>"; };
		848629DD26DCCFDE00EC7BF1 /* ProfileScreen.storyboard */ = {isa = PBXFileReference; lastKnownFileType = file.storyboard; path = ProfileScreen.storyboard; sourceTree = "<group>"; };
		848629DF26DCD22000EC7BF1 /* RegistrationScreen.storyboard */ = {isa = PBXFileReference; lastKnownFileType = file.storyboard; path = RegistrationScreen.storyboard; sourceTree = "<group>"; };
		848629E126DCD4BB00EC7BF1 /* LoginScreen.storyboard */ = {isa = PBXFileReference; lastKnownFileType = file.storyboard; path = LoginScreen.storyboard; sourceTree = "<group>"; };
		848629E726DCE33000EC7BF1 /* UIViewController.swift */ = {isa = PBXFileReference; lastKnownFileType = sourcecode.swift; path = UIViewController.swift; sourceTree = "<group>"; };
		848B7A4B26008FCA005DE9D1 /* GoogleService-Info.plist */ = {isa = PBXFileReference; fileEncoding = 4; lastKnownFileType = text.plist.xml; path = "GoogleService-Info.plist"; sourceTree = "<group>"; };
		84A0D69026F9C21600A0474B /* WriteAnswerScreenVC.swift */ = {isa = PBXFileReference; lastKnownFileType = sourcecode.swift; path = WriteAnswerScreenVC.swift; sourceTree = "<group>"; };
		84A0D69326F9C23300A0474B /* WriteAnswerScreen.storyboard */ = {isa = PBXFileReference; lastKnownFileType = file.storyboard; path = WriteAnswerScreen.storyboard; sourceTree = "<group>"; };
		84AF0F8325B1E483007DE6CC /* Electromarket.app */ = {isa = PBXFileReference; explicitFileType = wrapper.application; includeInIndex = 0; path = Electromarket.app; sourceTree = BUILT_PRODUCTS_DIR; };
		84AF0F8625B1E483007DE6CC /* AppDelegate.swift */ = {isa = PBXFileReference; lastKnownFileType = sourcecode.swift; path = AppDelegate.swift; sourceTree = "<group>"; };
		84AF0F8825B1E483007DE6CC /* SceneDelegate.swift */ = {isa = PBXFileReference; lastKnownFileType = sourcecode.swift; path = SceneDelegate.swift; sourceTree = "<group>"; };
		84AF0F8A25B1E483007DE6CC /* LoginScreenVC.swift */ = {isa = PBXFileReference; lastKnownFileType = sourcecode.swift; path = LoginScreenVC.swift; sourceTree = "<group>"; };
		84AF0F8D25B1E483007DE6CC /* Base */ = {isa = PBXFileReference; lastKnownFileType = file.storyboard; name = Base; path = Base.lproj/Main.storyboard; sourceTree = "<group>"; };
		84AF0F8F25B1E483007DE6CC /* Assets.xcassets */ = {isa = PBXFileReference; lastKnownFileType = folder.assetcatalog; path = Assets.xcassets; sourceTree = "<group>"; };
		84AF0F9225B1E483007DE6CC /* Base */ = {isa = PBXFileReference; lastKnownFileType = file.storyboard; name = Base; path = Base.lproj/LaunchScreen.storyboard; sourceTree = "<group>"; };
		84AF0F9425B1E483007DE6CC /* Info.plist */ = {isa = PBXFileReference; lastKnownFileType = text.plist.xml; path = Info.plist; sourceTree = "<group>"; };
		84B002DC25EE69B800D4C82F /* ProfileScreenVC.swift */ = {isa = PBXFileReference; lastKnownFileType = sourcecode.swift; path = ProfileScreenVC.swift; sourceTree = "<group>"; };
		84B22A0F2645440400E51B41 /* MapKit.framework */ = {isa = PBXFileReference; lastKnownFileType = wrapper.framework; name = MapKit.framework; path = System/Library/Frameworks/MapKit.framework; sourceTree = SDKROOT; };
		84B8E44326B939E8008B26BF /* UIVIew.swift */ = {isa = PBXFileReference; lastKnownFileType = sourcecode.swift; path = UIVIew.swift; sourceTree = "<group>"; };
		84DB8A9425D2B91800B220C4 /* TestListScreenVC.swift */ = {isa = PBXFileReference; lastKnownFileType = sourcecode.swift; path = TestListScreenVC.swift; sourceTree = "<group>"; };
		84DB8A9C25D2C06800B220C4 /* TestScreen.storyboard */ = {isa = PBXFileReference; lastKnownFileType = file.storyboard; path = TestScreen.storyboard; sourceTree = "<group>"; };
		84F8D1DC26650A1B00CEBF36 /* ProfileTableViewCell.swift */ = {isa = PBXFileReference; lastKnownFileType = sourcecode.swift; path = ProfileTableViewCell.swift; sourceTree = "<group>"; };
		B2341EF7D324E4F18A2F11F8 /* Pods_Electromarket.framework */ = {isa = PBXFileReference; explicitFileType = wrapper.framework; includeInIndex = 0; path = Pods_Electromarket.framework; sourceTree = BUILT_PRODUCTS_DIR; };
/* End PBXFileReference section */

/* Begin PBXFrameworksBuildPhase section */
		84AF0F8025B1E483007DE6CC /* Frameworks */ = {
			isa = PBXFrameworksBuildPhase;
			buildActionMask = 2147483647;
			files = (
				84B22A102645440400E51B41 /* MapKit.framework in Frameworks */,
				5CF334011AEB5AEAA8E24C8B /* Pods_Electromarket.framework in Frameworks */,
			);
			runOnlyForDeploymentPostprocessing = 0;
		};
/* End PBXFrameworksBuildPhase section */

/* Begin PBXGroup section */
		16127F9D67FC5DBDBF937B83 /* Pods */ = {
			isa = PBXGroup;
			children = (
				3E2366C746A1856F5F00A56A /* Pods-Electromarket.debug.xcconfig */,
				7D5C7F0E30C3547AE5779C27 /* Pods-Electromarket.release.xcconfig */,
			);
			path = Pods;
			sourceTree = "<group>";
		};
		4ECED3158655D6E12A55B719 /* Frameworks */ = {
			isa = PBXGroup;
			children = (
				84B22A0F2645440400E51B41 /* MapKit.framework */,
				B2341EF7D324E4F18A2F11F8 /* Pods_Electromarket.framework */,
			);
			name = Frameworks;
			sourceTree = "<group>";
		};
		841E0B6425D5A3130013A20E /* Firebase */ = {
			isa = PBXGroup;
			children = (
				841E0B6025D5A30C0013A20E /* FirebaseAuthManager.swift */,
				846477A9260486570078320A /* User.swift */,
			);
			path = Firebase;
			sourceTree = "<group>";
		};
		848629E326DCE00800EC7BF1 /* Cells */ = {
			isa = PBXGroup;
			children = (
				84F8D1DC26650A1B00CEBF36 /* ProfileTableViewCell.swift */,
			);
			path = Cells;
			sourceTree = "<group>";
		};
		848629E426DCE01700EC7BF1 /* Cells */ = {
			isa = PBXGroup;
			children = (
				841E0B4E25D5934E0013A20E /* TestListCell.swift */,
			);
			path = Cells;
			sourceTree = "<group>";
		};
		848629E526DCE03E00EC7BF1 /* Storyboards */ = {
			isa = PBXGroup;
			children = (
				84AF0F8C25B1E483007DE6CC /* Main.storyboard */,
				848629D926DCCEC500EC7BF1 /* MainTabBar.storyboard */,
			);
			path = Storyboards;
			sourceTree = "<group>";
		};
		848629E626DCE2A600EC7BF1 /* Helpers */ = {
			isa = PBXGroup;
			children = (
				84B8E44526B939ED008B26BF /* Extensions */,
				841E0B6425D5A3130013A20E /* Firebase */,
				8401D18F2601ECBC00F6D079 /* RootControllerSettings.swift */,
			);
			path = Helpers;
			sourceTree = "<group>";
		};
		848B7A4E2600A3F9005DE9D1 /* Screens */ = {
			isa = PBXGroup;
			children = (
				84F8D1DE26650B4F00CEBF36 /* RegistrationScreen */,
				84F8D1DA266509FA00CEBF36 /* TestListScreen */,
				84F8D1DB26650A0900CEBF36 /* ProfileScreen */,
				84A81BF425D2C5760085A1FD /* LearnInformationScreen */,
				84A0D69226F9C21D00A0474B /* WriteAnswerScreen */,
				84FA8E9326035B47001B5336 /* TestScreen */,
			);
			path = Screens;
			sourceTree = "<group>";
		};
		848B7A532600A486005DE9D1 /* LoginScreen */ = {
			isa = PBXGroup;
			children = (
				84AF0F8A25B1E483007DE6CC /* LoginScreenVC.swift */,
				848629E126DCD4BB00EC7BF1 /* LoginScreen.storyboard */,
			);
			path = LoginScreen;
			sourceTree = "<group>";
		};
		84A0D69226F9C21D00A0474B /* WriteAnswerScreen */ = {
			isa = PBXGroup;
			children = (
				84A0D69026F9C21600A0474B /* WriteAnswerScreenVC.swift */,
				84A0D69326F9C23300A0474B /* WriteAnswerScreen.storyboard */,
			);
			path = WriteAnswerScreen;
			sourceTree = "<group>";
		};
		84A81BF425D2C5760085A1FD /* LearnInformationScreen */ = {
			isa = PBXGroup;
			children = (
				841E0B5225D599D40013A20E /* TestVideoVC.swift */,
				848629D726DCCB7E00EC7BF1 /* LearnInformationScreen.storyboard */,
			);
			path = LearnInformationScreen;
			sourceTree = "<group>";
		};
		84AF0F7A25B1E483007DE6CC = {
			isa = PBXGroup;
			children = (
				84AF0F8525B1E483007DE6CC /* Electromarket */,
				84AF0F8425B1E483007DE6CC /* Products */,
				16127F9D67FC5DBDBF937B83 /* Pods */,
				4ECED3158655D6E12A55B719 /* Frameworks */,
			);
			sourceTree = "<group>";
		};
		84AF0F8425B1E483007DE6CC /* Products */ = {
			isa = PBXGroup;
			children = (
				84AF0F8325B1E483007DE6CC /* Electromarket.app */,
			);
			name = Products;
			sourceTree = "<group>";
		};
		84AF0F8525B1E483007DE6CC /* Electromarket */ = {
			isa = PBXGroup;
			children = (
				84AF0F8625B1E483007DE6CC /* AppDelegate.swift */,
				84AF0F8825B1E483007DE6CC /* SceneDelegate.swift */,
				848B7A4E2600A3F9005DE9D1 /* Screens */,
				848629E526DCE03E00EC7BF1 /* Storyboards */,
				848629E626DCE2A600EC7BF1 /* Helpers */,
				84AF0F8F25B1E483007DE6CC /* Assets.xcassets */,
				84AF0F9125B1E483007DE6CC /* LaunchScreen.storyboard */,
				848B7A532600A486005DE9D1 /* LoginScreen */,
				84AF0F9425B1E483007DE6CC /* Info.plist */,
				848B7A4B26008FCA005DE9D1 /* GoogleService-Info.plist */,
			);
			path = Electromarket;
			sourceTree = "<group>";
		};
		84B8E44526B939ED008B26BF /* Extensions */ = {
			isa = PBXGroup;
			children = (
				84B8E44326B939E8008B26BF /* UIVIew.swift */,
				848629E726DCE33000EC7BF1 /* UIViewController.swift */,
			);
			path = Extensions;
			sourceTree = "<group>";
		};
		84F8D1DA266509FA00CEBF36 /* TestListScreen */ = {
			isa = PBXGroup;
			children = (
				848629E426DCE01700EC7BF1 /* Cells */,
				84DB8A9425D2B91800B220C4 /* TestListScreenVC.swift */,
				848629DB26DCCF8C00EC7BF1 /* TestListScreen.storyboard */,
			);
			path = TestListScreen;
			sourceTree = "<group>";
		};
		84F8D1DB26650A0900CEBF36 /* ProfileScreen */ = {
			isa = PBXGroup;
			children = (
				848629E326DCE00800EC7BF1 /* Cells */,
				84B002DC25EE69B800D4C82F /* ProfileScreenVC.swift */,
				848629DD26DCCFDE00EC7BF1 /* ProfileScreen.storyboard */,
			);
			path = ProfileScreen;
			sourceTree = "<group>";
		};
		84F8D1DE26650B4F00CEBF36 /* RegistrationScreen */ = {
			isa = PBXGroup;
			children = (
				8401D19726020B7100F6D079 /* RegistrationScreenVC.swift */,
				848629DF26DCD22000EC7BF1 /* RegistrationScreen.storyboard */,
			);
			path = RegistrationScreen;
			sourceTree = "<group>";
		};
		84FA8E9326035B47001B5336 /* TestScreen */ = {
			isa = PBXGroup;
			children = (
				841E0B5925D59C7F0013A20E /* TestScreenVC.swift */,
				84DB8A9C25D2C06800B220C4 /* TestScreen.storyboard */,
			);
			path = TestScreen;
			sourceTree = "<group>";
		};
/* End PBXGroup section */

/* Begin PBXNativeTarget section */
		84AF0F8225B1E483007DE6CC /* Electromarket */ = {
			isa = PBXNativeTarget;
			buildConfigurationList = 84AF0F9725B1E483007DE6CC /* Build configuration list for PBXNativeTarget "Electromarket" */;
			buildPhases = (
				A62F4626E42E63368118C2FC /* [CP] Check Pods Manifest.lock */,
				84AF0F7F25B1E483007DE6CC /* Sources */,
				84AF0F8025B1E483007DE6CC /* Frameworks */,
				84AF0F8125B1E483007DE6CC /* Resources */,
				7857D0F82233FE01DE5101B2 /* [CP] Embed Pods Frameworks */,
			);
			buildRules = (
			);
			dependencies = (
			);
			name = Electromarket;
			productName = Electromarket;
			productReference = 84AF0F8325B1E483007DE6CC /* Electromarket.app */;
			productType = "com.apple.product-type.application";
		};
/* End PBXNativeTarget section */

/* Begin PBXProject section */
		84AF0F7B25B1E483007DE6CC /* Project object */ = {
			isa = PBXProject;
			attributes = {
				LastSwiftUpdateCheck = 1230;
				LastUpgradeCheck = 1230;
				TargetAttributes = {
					84AF0F8225B1E483007DE6CC = {
						CreatedOnToolsVersion = 12.3;
					};
				};
			};
			buildConfigurationList = 84AF0F7E25B1E483007DE6CC /* Build configuration list for PBXProject "Electromarket" */;
			compatibilityVersion = "Xcode 9.3";
			developmentRegion = en;
			hasScannedForEncodings = 0;
			knownRegions = (
				en,
				Base,
			);
			mainGroup = 84AF0F7A25B1E483007DE6CC;
			productRefGroup = 84AF0F8425B1E483007DE6CC /* Products */;
			projectDirPath = "";
			projectRoot = "";
			targets = (
				84AF0F8225B1E483007DE6CC /* Electromarket */,
			);
		};
/* End PBXProject section */

/* Begin PBXResourcesBuildPhase section */
		84AF0F8125B1E483007DE6CC /* Resources */ = {
			isa = PBXResourcesBuildPhase;
			buildActionMask = 2147483647;
			files = (
				848629DE26DCCFDE00EC7BF1 /* ProfileScreen.storyboard in Resources */,
				84AF0F9325B1E483007DE6CC /* LaunchScreen.storyboard in Resources */,
				84A0D69426F9C23300A0474B /* WriteAnswerScreen.storyboard in Resources */,
				84AF0F9025B1E483007DE6CC /* Assets.xcassets in Resources */,
				848B7A4C26008FCA005DE9D1 /* GoogleService-Info.plist in Resources */,
				848629DA26DCCEC500EC7BF1 /* MainTabBar.storyboard in Resources */,
				848629DC26DCCF8C00EC7BF1 /* TestListScreen.storyboard in Resources */,
				848629E026DCD22000EC7BF1 /* RegistrationScreen.storyboard in Resources */,
				848629E226DCD4BB00EC7BF1 /* LoginScreen.storyboard in Resources */,
				84DB8A9D25D2C06800B220C4 /* TestScreen.storyboard in Resources */,
				848629D826DCCB7E00EC7BF1 /* LearnInformationScreen.storyboard in Resources */,
				84AF0F8E25B1E483007DE6CC /* Main.storyboard in Resources */,
			);
			runOnlyForDeploymentPostprocessing = 0;
		};
/* End PBXResourcesBuildPhase section */

/* Begin PBXShellScriptBuildPhase section */
		7857D0F82233FE01DE5101B2 /* [CP] Embed Pods Frameworks */ = {
			isa = PBXShellScriptBuildPhase;
			buildActionMask = 2147483647;
			files = (
			);
			inputFileListPaths = (
				"${PODS_ROOT}/Target Support Files/Pods-Electromarket/Pods-Electromarket-frameworks-${CONFIGURATION}-input-files.xcfilelist",
			);
			name = "[CP] Embed Pods Frameworks";
			outputFileListPaths = (
				"${PODS_ROOT}/Target Support Files/Pods-Electromarket/Pods-Electromarket-frameworks-${CONFIGURATION}-output-files.xcfilelist",
			);
			runOnlyForDeploymentPostprocessing = 0;
			shellPath = /bin/sh;
			shellScript = "\"${PODS_ROOT}/Target Support Files/Pods-Electromarket/Pods-Electromarket-frameworks.sh\"\n";
			showEnvVarsInLog = 0;
		};
		A62F4626E42E63368118C2FC /* [CP] Check Pods Manifest.lock */ = {
			isa = PBXShellScriptBuildPhase;
			buildActionMask = 2147483647;
			files = (
			);
			inputFileListPaths = (
			);
			inputPaths = (
				"${PODS_PODFILE_DIR_PATH}/Podfile.lock",
				"${PODS_ROOT}/Manifest.lock",
			);
			name = "[CP] Check Pods Manifest.lock";
			outputFileListPaths = (
			);
			outputPaths = (
				"$(DERIVED_FILE_DIR)/Pods-Electromarket-checkManifestLockResult.txt",
			);
			runOnlyForDeploymentPostprocessing = 0;
			shellPath = /bin/sh;
			shellScript = "diff \"${PODS_PODFILE_DIR_PATH}/Podfile.lock\" \"${PODS_ROOT}/Manifest.lock\" > /dev/null\nif [ $? != 0 ] ; then\n    # print error to STDERR\n    echo \"error: The sandbox is not in sync with the Podfile.lock. Run 'pod install' or update your CocoaPods installation.\" >&2\n    exit 1\nfi\n# This output is used by Xcode 'outputs' to avoid re-running this script phase.\necho \"SUCCESS\" > \"${SCRIPT_OUTPUT_FILE_0}\"\n";
			showEnvVarsInLog = 0;
		};
/* End PBXShellScriptBuildPhase section */

/* Begin PBXSourcesBuildPhase section */
		84AF0F7F25B1E483007DE6CC /* Sources */ = {
			isa = PBXSourcesBuildPhase;
			buildActionMask = 2147483647;
			files = (
				841E0B5A25D59C7F0013A20E /* TestScreenVC.swift in Sources */,
				84DB8A9525D2B91800B220C4 /* TestListScreenVC.swift in Sources */,
				84A0D69126F9C21600A0474B /* WriteAnswerScreenVC.swift in Sources */,
				841E0B4F25D5934E0013A20E /* TestListCell.swift in Sources */,
				8401D19826020B7100F6D079 /* RegistrationScreenVC.swift in Sources */,
				84AF0F8B25B1E483007DE6CC /* LoginScreenVC.swift in Sources */,
				84AF0F8725B1E483007DE6CC /* AppDelegate.swift in Sources */,
				84AF0F8925B1E483007DE6CC /* SceneDelegate.swift in Sources */,
				848629E826DCE33000EC7BF1 /* UIViewController.swift in Sources */,
				8401D1902601ECBC00F6D079 /* RootControllerSettings.swift in Sources */,
				84F8D1DD26650A1B00CEBF36 /* ProfileTableViewCell.swift in Sources */,
				841E0B5325D599D40013A20E /* TestVideoVC.swift in Sources */,
				84B8E44426B939E8008B26BF /* UIVIew.swift in Sources */,
				841E0B6125D5A30C0013A20E /* FirebaseAuthManager.swift in Sources */,
				84B002DD25EE69B800D4C82F /* ProfileScreenVC.swift in Sources */,
				846477AA260486570078320A /* User.swift in Sources */,
			);
			runOnlyForDeploymentPostprocessing = 0;
		};
/* End PBXSourcesBuildPhase section */

/* Begin PBXVariantGroup section */
		84AF0F8C25B1E483007DE6CC /* Main.storyboard */ = {
			isa = PBXVariantGroup;
			children = (
				84AF0F8D25B1E483007DE6CC /* Base */,
			);
			name = Main.storyboard;
			sourceTree = "<group>";
		};
		84AF0F9125B1E483007DE6CC /* LaunchScreen.storyboard */ = {
			isa = PBXVariantGroup;
			children = (
				84AF0F9225B1E483007DE6CC /* Base */,
			);
			name = LaunchScreen.storyboard;
			sourceTree = "<group>";
		};
/* End PBXVariantGroup section */

/* Begin XCBuildConfiguration section */
		84AF0F9525B1E483007DE6CC /* Debug */ = {
			isa = XCBuildConfiguration;
			buildSettings = {
				ALWAYS_SEARCH_USER_PATHS = NO;
				CLANG_ANALYZER_NONNULL = YES;
				CLANG_ANALYZER_NUMBER_OBJECT_CONVERSION = YES_AGGRESSIVE;
				CLANG_CXX_LANGUAGE_STANDARD = "gnu++14";
				CLANG_CXX_LIBRARY = "libc++";
				CLANG_ENABLE_MODULES = YES;
				CLANG_ENABLE_OBJC_ARC = YES;
				CLANG_ENABLE_OBJC_WEAK = YES;
				CLANG_WARN_BLOCK_CAPTURE_AUTORELEASING = YES;
				CLANG_WARN_BOOL_CONVERSION = YES;
				CLANG_WARN_COMMA = YES;
				CLANG_WARN_CONSTANT_CONVERSION = YES;
				CLANG_WARN_DEPRECATED_OBJC_IMPLEMENTATIONS = YES;
				CLANG_WARN_DIRECT_OBJC_ISA_USAGE = YES_ERROR;
				CLANG_WARN_DOCUMENTATION_COMMENTS = YES;
				CLANG_WARN_EMPTY_BODY = YES;
				CLANG_WARN_ENUM_CONVERSION = YES;
				CLANG_WARN_INFINITE_RECURSION = YES;
				CLANG_WARN_INT_CONVERSION = YES;
				CLANG_WARN_NON_LITERAL_NULL_CONVERSION = YES;
				CLANG_WARN_OBJC_IMPLICIT_RETAIN_SELF = YES;
				CLANG_WARN_OBJC_LITERAL_CONVERSION = YES;
				CLANG_WARN_OBJC_ROOT_CLASS = YES_ERROR;
				CLANG_WARN_QUOTED_INCLUDE_IN_FRAMEWORK_HEADER = YES;
				CLANG_WARN_RANGE_LOOP_ANALYSIS = YES;
				CLANG_WARN_STRICT_PROTOTYPES = YES;
				CLANG_WARN_SUSPICIOUS_MOVE = YES;
				CLANG_WARN_UNGUARDED_AVAILABILITY = YES_AGGRESSIVE;
				CLANG_WARN_UNREACHABLE_CODE = YES;
				CLANG_WARN__DUPLICATE_METHOD_MATCH = YES;
				COPY_PHASE_STRIP = NO;
				DEBUG_INFORMATION_FORMAT = dwarf;
				ENABLE_STRICT_OBJC_MSGSEND = YES;
				ENABLE_TESTABILITY = YES;
				GCC_C_LANGUAGE_STANDARD = gnu11;
				GCC_DYNAMIC_NO_PIC = NO;
				GCC_NO_COMMON_BLOCKS = YES;
				GCC_OPTIMIZATION_LEVEL = 0;
				GCC_PREPROCESSOR_DEFINITIONS = (
					"DEBUG=1",
					"$(inherited)",
				);
				GCC_WARN_64_TO_32_BIT_CONVERSION = YES;
				GCC_WARN_ABOUT_RETURN_TYPE = YES_ERROR;
				GCC_WARN_UNDECLARED_SELECTOR = YES;
				GCC_WARN_UNINITIALIZED_AUTOS = YES_AGGRESSIVE;
				GCC_WARN_UNUSED_FUNCTION = YES;
				GCC_WARN_UNUSED_VARIABLE = YES;
				IPHONEOS_DEPLOYMENT_TARGET = 14.3;
				MTL_ENABLE_DEBUG_INFO = INCLUDE_SOURCE;
				MTL_FAST_MATH = YES;
				ONLY_ACTIVE_ARCH = YES;
				SDKROOT = iphoneos;
				SWIFT_ACTIVE_COMPILATION_CONDITIONS = DEBUG;
				SWIFT_OPTIMIZATION_LEVEL = "-Onone";
			};
			name = Debug;
		};
		84AF0F9625B1E483007DE6CC /* Release */ = {
			isa = XCBuildConfiguration;
			buildSettings = {
				ALWAYS_SEARCH_USER_PATHS = NO;
				CLANG_ANALYZER_NONNULL = YES;
				CLANG_ANALYZER_NUMBER_OBJECT_CONVERSION = YES_AGGRESSIVE;
				CLANG_CXX_LANGUAGE_STANDARD = "gnu++14";
				CLANG_CXX_LIBRARY = "libc++";
				CLANG_ENABLE_MODULES = YES;
				CLANG_ENABLE_OBJC_ARC = YES;
				CLANG_ENABLE_OBJC_WEAK = YES;
				CLANG_WARN_BLOCK_CAPTURE_AUTORELEASING = YES;
				CLANG_WARN_BOOL_CONVERSION = YES;
				CLANG_WARN_COMMA = YES;
				CLANG_WARN_CONSTANT_CONVERSION = YES;
				CLANG_WARN_DEPRECATED_OBJC_IMPLEMENTATIONS = YES;
				CLANG_WARN_DIRECT_OBJC_ISA_USAGE = YES_ERROR;
				CLANG_WARN_DOCUMENTATION_COMMENTS = YES;
				CLANG_WARN_EMPTY_BODY = YES;
				CLANG_WARN_ENUM_CONVERSION = YES;
				CLANG_WARN_INFINITE_RECURSION = YES;
				CLANG_WARN_INT_CONVERSION = YES;
				CLANG_WARN_NON_LITERAL_NULL_CONVERSION = YES;
				CLANG_WARN_OBJC_IMPLICIT_RETAIN_SELF = YES;
				CLANG_WARN_OBJC_LITERAL_CONVERSION = YES;
				CLANG_WARN_OBJC_ROOT_CLASS = YES_ERROR;
				CLANG_WARN_QUOTED_INCLUDE_IN_FRAMEWORK_HEADER = YES;
				CLANG_WARN_RANGE_LOOP_ANALYSIS = YES;
				CLANG_WARN_STRICT_PROTOTYPES = YES;
				CLANG_WARN_SUSPICIOUS_MOVE = YES;
				CLANG_WARN_UNGUARDED_AVAILABILITY = YES_AGGRESSIVE;
				CLANG_WARN_UNREACHABLE_CODE = YES;
				CLANG_WARN__DUPLICATE_METHOD_MATCH = YES;
				COPY_PHASE_STRIP = NO;
				DEBUG_INFORMATION_FORMAT = "dwarf-with-dsym";
				ENABLE_NS_ASSERTIONS = NO;
				ENABLE_STRICT_OBJC_MSGSEND = YES;
				GCC_C_LANGUAGE_STANDARD = gnu11;
				GCC_NO_COMMON_BLOCKS = YES;
				GCC_WARN_64_TO_32_BIT_CONVERSION = YES;
				GCC_WARN_ABOUT_RETURN_TYPE = YES_ERROR;
				GCC_WARN_UNDECLARED_SELECTOR = YES;
				GCC_WARN_UNINITIALIZED_AUTOS = YES_AGGRESSIVE;
				GCC_WARN_UNUSED_FUNCTION = YES;
				GCC_WARN_UNUSED_VARIABLE = YES;
				IPHONEOS_DEPLOYMENT_TARGET = 14.3;
				MTL_ENABLE_DEBUG_INFO = NO;
				MTL_FAST_MATH = YES;
				SDKROOT = iphoneos;
				SWIFT_COMPILATION_MODE = wholemodule;
				SWIFT_OPTIMIZATION_LEVEL = "-O";
				VALIDATE_PRODUCT = YES;
			};
			name = Release;
		};
		84AF0F9825B1E483007DE6CC /* Debug */ = {
			isa = XCBuildConfiguration;
			baseConfigurationReference = 3E2366C746A1856F5F00A56A /* Pods-Electromarket.debug.xcconfig */;
			buildSettings = {
				ASSETCATALOG_COMPILER_APPICON_NAME = AppIcon;
				ASSETCATALOG_COMPILER_GLOBAL_ACCENT_COLOR_NAME = AccentColor;
				CODE_SIGN_STYLE = Automatic;
				DEVELOPMENT_TEAM = XK4D24WZ52;
				INFOPLIST_FILE = Electromarket/Info.plist;
				IPHONEOS_DEPLOYMENT_TARGET = 14.4;
				LD_RUNPATH_SEARCH_PATHS = (
					"$(inherited)",
					"@executable_path/Frameworks",
				);
				PRODUCT_BUNDLE_IDENTIFIER = com.muslim.Electromarket;
				PRODUCT_NAME = "$(TARGET_NAME)";
				SWIFT_VERSION = 5.0;
				TARGETED_DEVICE_FAMILY = "1,2";
			};
			name = Debug;
		};
		84AF0F9925B1E483007DE6CC /* Release */ = {
			isa = XCBuildConfiguration;
			baseConfigurationReference = 7D5C7F0E30C3547AE5779C27 /* Pods-Electromarket.release.xcconfig */;
			buildSettings = {
				ASSETCATALOG_COMPILER_APPICON_NAME = AppIcon;
				ASSETCATALOG_COMPILER_GLOBAL_ACCENT_COLOR_NAME = AccentColor;
				CODE_SIGN_STYLE = Automatic;
				DEVELOPMENT_TEAM = XK4D24WZ52;
				INFOPLIST_FILE = Electromarket/Info.plist;
				IPHONEOS_DEPLOYMENT_TARGET = 14.4;
				LD_RUNPATH_SEARCH_PATHS = (
					"$(inherited)",
					"@executable_path/Frameworks",
				);
				PRODUCT_BUNDLE_IDENTIFIER = com.muslim.Electromarket;
				PRODUCT_NAME = "$(TARGET_NAME)";
				SWIFT_VERSION = 5.0;
				TARGETED_DEVICE_FAMILY = "1,2";
			};
			name = Release;
		};
/* End XCBuildConfiguration section */

/* Begin XCConfigurationList section */
		84AF0F7E25B1E483007DE6CC /* Build configuration list for PBXProject "Electromarket" */ = {
			isa = XCConfigurationList;
			buildConfigurations = (
				84AF0F9525B1E483007DE6CC /* Debug */,
				84AF0F9625B1E483007DE6CC /* Release */,
			);
			defaultConfigurationIsVisible = 0;
			defaultConfigurationName = Release;
		};
		84AF0F9725B1E483007DE6CC /* Build configuration list for PBXNativeTarget "Electromarket" */ = {
			isa = XCConfigurationList;
			buildConfigurations = (
				84AF0F9825B1E483007DE6CC /* Debug */,
				84AF0F9925B1E483007DE6CC /* Release */,
			);
			defaultConfigurationIsVisible = 0;
			defaultConfigurationName = Release;
		};
/* End XCConfigurationList section */
	};
	rootObject = 84AF0F7B25B1E483007DE6CC /* Project object */;
}
