// !$*UTF8*$!
{
	archiveVersion = 1;
	classes = {
	};
	objectVersion = 51;
	objects = {

/* Begin PBXBuildFile section */
		8401D1902601ECBC00F6D079 /* RootControllerSettings.swift in Sources */ = {isa = PBXBuildFile; fileRef = 8401D18F2601ECBC00F6D079 /* RootControllerSettings.swift */; };
		8401D19826020B7100F6D079 /* FullRegistrationViewController.swift in Sources */ = {isa = PBXBuildFile; fileRef = 8401D19726020B7100F6D079 /* FullRegistrationViewController.swift */; };
		8401D19C26020C2D00F6D079 /* UserSettings.swift in Sources */ = {isa = PBXBuildFile; fileRef = 8401D19B26020C2D00F6D079 /* UserSettings.swift */; };
		841E0B4F25D5934E0013A20E /* SelectTestCell.swift in Sources */ = {isa = PBXBuildFile; fileRef = 841E0B4E25D5934E0013A20E /* SelectTestCell.swift */; };
		841E0B5325D599D40013A20E /* StabilizerVideo.swift in Sources */ = {isa = PBXBuildFile; fileRef = 841E0B5225D599D40013A20E /* StabilizerVideo.swift */; };
		841E0B5625D59AE50013A20E /* StabilizerTestVC.swift in Sources */ = {isa = PBXBuildFile; fileRef = 841E0B5525D59AE50013A20E /* StabilizerTestVC.swift */; };
		841E0B5A25D59C7F0013A20E /* StabilizerTest.swift in Sources */ = {isa = PBXBuildFile; fileRef = 841E0B5925D59C7F0013A20E /* StabilizerTest.swift */; };
		841E0B6125D5A30C0013A20E /* FirebaseAuthManager.swift in Sources */ = {isa = PBXBuildFile; fileRef = 841E0B6025D5A30C0013A20E /* FirebaseAuthManager.swift */; };
		8434D24025B3C93300D5085B /* ProductModel.swift in Sources */ = {isa = PBXBuildFile; fileRef = 8434D23F25B3C93300D5085B /* ProductModel.swift */; };
		8434D24325B3C94400D5085B /* RegistrationPresenter.swift in Sources */ = {isa = PBXBuildFile; fileRef = 8434D24225B3C94400D5085B /* RegistrationPresenter.swift */; };
		8436D74525EE8504004EAB9D /* ScoreUserSettings.swift in Sources */ = {isa = PBXBuildFile; fileRef = 8436D74425EE8504004EAB9D /* ScoreUserSettings.swift */; };
		846477AA260486570078320A /* User.swift in Sources */ = {isa = PBXBuildFile; fileRef = 846477A9260486570078320A /* User.swift */; };
		8480E1CE26039C5A00D57738 /* Tests.swift in Sources */ = {isa = PBXBuildFile; fileRef = 8480E1CD26039C5A00D57738 /* Tests.swift */; };
		848ADAB82603A1E9000EC2C3 /* TasksViewController.swift in Sources */ = {isa = PBXBuildFile; fileRef = 848ADAB72603A1E9000EC2C3 /* TasksViewController.swift */; };
		848B7A4C26008FCA005DE9D1 /* GoogleService-Info.plist in Resources */ = {isa = PBXBuildFile; fileRef = 848B7A4B26008FCA005DE9D1 /* GoogleService-Info.plist */; };
		84989FFE25D447830037F96C /* RelayVideo.swift in Sources */ = {isa = PBXBuildFile; fileRef = 84989FFD25D447830037F96C /* RelayVideo.swift */; };
		8498A00225D44F9B0037F96C /* RelayTest.swift in Sources */ = {isa = PBXBuildFile; fileRef = 8498A00125D44F9B0037F96C /* RelayTest.swift */; };
		84A81BF625D2C5AD0085A1FD /* RelayTestVC.swift in Sources */ = {isa = PBXBuildFile; fileRef = 84A81BF525D2C5AD0085A1FD /* RelayTestVC.swift */; };
		84AF0F8725B1E483007DE6CC /* AppDelegate.swift in Sources */ = {isa = PBXBuildFile; fileRef = 84AF0F8625B1E483007DE6CC /* AppDelegate.swift */; };
		84AF0F8925B1E483007DE6CC /* SceneDelegate.swift in Sources */ = {isa = PBXBuildFile; fileRef = 84AF0F8825B1E483007DE6CC /* SceneDelegate.swift */; };
		84AF0F8B25B1E483007DE6CC /* RegistrationVC.swift in Sources */ = {isa = PBXBuildFile; fileRef = 84AF0F8A25B1E483007DE6CC /* RegistrationVC.swift */; };
		84AF0F8E25B1E483007DE6CC /* Main.storyboard in Resources */ = {isa = PBXBuildFile; fileRef = 84AF0F8C25B1E483007DE6CC /* Main.storyboard */; };
		84AF0F9025B1E483007DE6CC /* Assets.xcassets in Resources */ = {isa = PBXBuildFile; fileRef = 84AF0F8F25B1E483007DE6CC /* Assets.xcassets */; };
		84AF0F9325B1E483007DE6CC /* LaunchScreen.storyboard in Resources */ = {isa = PBXBuildFile; fileRef = 84AF0F9125B1E483007DE6CC /* LaunchScreen.storyboard */; };
		84B002DD25EE69B800D4C82F /* ProfileVC.swift in Sources */ = {isa = PBXBuildFile; fileRef = 84B002DC25EE69B800D4C82F /* ProfileVC.swift */; };
		84DB8A9525D2B91800B220C4 /* SelectTestVC.swift in Sources */ = {isa = PBXBuildFile; fileRef = 84DB8A9425D2B91800B220C4 /* SelectTestVC.swift */; };
		84DB8A9D25D2C06800B220C4 /* Test.storyboard in Resources */ = {isa = PBXBuildFile; fileRef = 84DB8A9C25D2C06800B220C4 /* Test.storyboard */; };
		A9E6B4C165AE54E85017394F /* Pods_Electromarket.framework in Frameworks */ = {isa = PBXBuildFile; fileRef = F6826778323594839E8AE3CE /* Pods_Electromarket.framework */; };
/* End PBXBuildFile section */

/* Begin PBXFileReference section */
		3E2366C746A1856F5F00A56A /* Pods-Electromarket.debug.xcconfig */ = {isa = PBXFileReference; includeInIndex = 1; lastKnownFileType = text.xcconfig; name = "Pods-Electromarket.debug.xcconfig"; path = "Target Support Files/Pods-Electromarket/Pods-Electromarket.debug.xcconfig"; sourceTree = "<group>"; };
		7D5C7F0E30C3547AE5779C27 /* Pods-Electromarket.release.xcconfig */ = {isa = PBXFileReference; includeInIndex = 1; lastKnownFileType = text.xcconfig; name = "Pods-Electromarket.release.xcconfig"; path = "Target Support Files/Pods-Electromarket/Pods-Electromarket.release.xcconfig"; sourceTree = "<group>"; };
		8401D18F2601ECBC00F6D079 /* RootControllerSettings.swift */ = {isa = PBXFileReference; lastKnownFileType = sourcecode.swift; path = RootControllerSettings.swift; sourceTree = "<group>"; };
		8401D19726020B7100F6D079 /* FullRegistrationViewController.swift */ = {isa = PBXFileReference; lastKnownFileType = sourcecode.swift; path = FullRegistrationViewController.swift; sourceTree = "<group>"; };
		8401D19B26020C2D00F6D079 /* UserSettings.swift */ = {isa = PBXFileReference; lastKnownFileType = sourcecode.swift; path = UserSettings.swift; sourceTree = "<group>"; };
		841E0B4E25D5934E0013A20E /* SelectTestCell.swift */ = {isa = PBXFileReference; lastKnownFileType = sourcecode.swift; path = SelectTestCell.swift; sourceTree = "<group>"; };
		841E0B5225D599D40013A20E /* StabilizerVideo.swift */ = {isa = PBXFileReference; lastKnownFileType = sourcecode.swift; path = StabilizerVideo.swift; sourceTree = "<group>"; };
		841E0B5525D59AE50013A20E /* StabilizerTestVC.swift */ = {isa = PBXFileReference; lastKnownFileType = sourcecode.swift; path = StabilizerTestVC.swift; sourceTree = "<group>"; };
		841E0B5925D59C7F0013A20E /* StabilizerTest.swift */ = {isa = PBXFileReference; lastKnownFileType = sourcecode.swift; path = StabilizerTest.swift; sourceTree = "<group>"; };
		841E0B6025D5A30C0013A20E /* FirebaseAuthManager.swift */ = {isa = PBXFileReference; lastKnownFileType = sourcecode.swift; path = FirebaseAuthManager.swift; sourceTree = "<group>"; };
		8434D23F25B3C93300D5085B /* ProductModel.swift */ = {isa = PBXFileReference; lastKnownFileType = sourcecode.swift; path = ProductModel.swift; sourceTree = "<group>"; };
		8434D24225B3C94400D5085B /* RegistrationPresenter.swift */ = {isa = PBXFileReference; lastKnownFileType = sourcecode.swift; path = RegistrationPresenter.swift; sourceTree = "<group>"; };
		8436D74425EE8504004EAB9D /* ScoreUserSettings.swift */ = {isa = PBXFileReference; lastKnownFileType = sourcecode.swift; path = ScoreUserSettings.swift; sourceTree = "<group>"; };
		845117B9260A202400D6849D /* Video2.mp4 */ = {isa = PBXFileReference; lastKnownFileType = file; path = Video2.mp4; sourceTree = "<group>"; };
		846477A9260486570078320A /* User.swift */ = {isa = PBXFileReference; lastKnownFileType = sourcecode.swift; path = User.swift; sourceTree = "<group>"; };
		8480E1CD26039C5A00D57738 /* Tests.swift */ = {isa = PBXFileReference; lastKnownFileType = sourcecode.swift; path = Tests.swift; sourceTree = "<group>"; };
		848ADAB72603A1E9000EC2C3 /* TasksViewController.swift */ = {isa = PBXFileReference; lastKnownFileType = sourcecode.swift; path = TasksViewController.swift; sourceTree = "<group>"; };
		848B7A4B26008FCA005DE9D1 /* GoogleService-Info.plist */ = {isa = PBXFileReference; fileEncoding = 4; lastKnownFileType = text.plist.xml; path = "GoogleService-Info.plist"; sourceTree = "<group>"; };
		8491C30C260667CD00D86579 /* video1.mp4 */ = {isa = PBXFileReference; lastKnownFileType = file; path = video1.mp4; sourceTree = "<group>"; };
		84989FFD25D447830037F96C /* RelayVideo.swift */ = {isa = PBXFileReference; lastKnownFileType = sourcecode.swift; path = RelayVideo.swift; sourceTree = "<group>"; };
		8498A00125D44F9B0037F96C /* RelayTest.swift */ = {isa = PBXFileReference; lastKnownFileType = sourcecode.swift; path = RelayTest.swift; sourceTree = "<group>"; };
		84A81BF525D2C5AD0085A1FD /* RelayTestVC.swift */ = {isa = PBXFileReference; lastKnownFileType = sourcecode.swift; path = RelayTestVC.swift; sourceTree = "<group>"; };
		84AF0F8325B1E483007DE6CC /* Electromarket.app */ = {isa = PBXFileReference; explicitFileType = wrapper.application; includeInIndex = 0; path = Electromarket.app; sourceTree = BUILT_PRODUCTS_DIR; };
		84AF0F8625B1E483007DE6CC /* AppDelegate.swift */ = {isa = PBXFileReference; lastKnownFileType = sourcecode.swift; path = AppDelegate.swift; sourceTree = "<group>"; };
		84AF0F8825B1E483007DE6CC /* SceneDelegate.swift */ = {isa = PBXFileReference; lastKnownFileType = sourcecode.swift; path = SceneDelegate.swift; sourceTree = "<group>"; };
		84AF0F8A25B1E483007DE6CC /* RegistrationVC.swift */ = {isa = PBXFileReference; lastKnownFileType = sourcecode.swift; path = RegistrationVC.swift; sourceTree = "<group>"; };
		84AF0F8D25B1E483007DE6CC /* Base */ = {isa = PBXFileReference; lastKnownFileType = file.storyboard; name = Base; path = Base.lproj/Main.storyboard; sourceTree = "<group>"; };
		84AF0F8F25B1E483007DE6CC /* Assets.xcassets */ = {isa = PBXFileReference; lastKnownFileType = folder.assetcatalog; path = Assets.xcassets; sourceTree = "<group>"; };
		84AF0F9225B1E483007DE6CC /* Base */ = {isa = PBXFileReference; lastKnownFileType = file.storyboard; name = Base; path = Base.lproj/LaunchScreen.storyboard; sourceTree = "<group>"; };
		84AF0F9425B1E483007DE6CC /* Info.plist */ = {isa = PBXFileReference; lastKnownFileType = text.plist.xml; path = Info.plist; sourceTree = "<group>"; };
		84B002DC25EE69B800D4C82F /* ProfileVC.swift */ = {isa = PBXFileReference; lastKnownFileType = sourcecode.swift; path = ProfileVC.swift; sourceTree = "<group>"; };
		84DB8A9425D2B91800B220C4 /* SelectTestVC.swift */ = {isa = PBXFileReference; lastKnownFileType = sourcecode.swift; path = SelectTestVC.swift; sourceTree = "<group>"; };
		84DB8A9C25D2C06800B220C4 /* Test.storyboard */ = {isa = PBXFileReference; lastKnownFileType = file.storyboard; path = Test.storyboard; sourceTree = "<group>"; };
		F6826778323594839E8AE3CE /* Pods_Electromarket.framework */ = {isa = PBXFileReference; explicitFileType = wrapper.framework; includeInIndex = 0; path = Pods_Electromarket.framework; sourceTree = BUILT_PRODUCTS_DIR; };
/* End PBXFileReference section */

/* Begin PBXFrameworksBuildPhase section */
		84AF0F8025B1E483007DE6CC /* Frameworks */ = {
			isa = PBXFrameworksBuildPhase;
			buildActionMask = 2147483647;
			files = (
				A9E6B4C165AE54E85017394F /* Pods_Electromarket.framework in Frameworks */,
			);
			runOnlyForDeploymentPostprocessing = 0;
		};
/* End PBXFrameworksBuildPhase section */

/* Begin PBXGroup section */
		16127F9D67FC5DBDBF937B83 /* Pods */ = {
			isa = PBXGroup;
			children = (
				3E2366C746A1856F5F00A56A /* Pods-Electromarket.debug.xcconfig */,
				7D5C7F0E30C3547AE5779C27 /* Pods-Electromarket.release.xcconfig */,
			);
			path = Pods;
			sourceTree = "<group>";
		};
		4ECED3158655D6E12A55B719 /* Frameworks */ = {
			isa = PBXGroup;
			children = (
				F6826778323594839E8AE3CE /* Pods_Electromarket.framework */,
			);
			name = Frameworks;
			sourceTree = "<group>";
		};
		8401D1922601ECBF00F6D079 /* Settings */ = {
			isa = PBXGroup;
			children = (
				8401D18F2601ECBC00F6D079 /* RootControllerSettings.swift */,
				8401D19B26020C2D00F6D079 /* UserSettings.swift */,
			);
			path = Settings;
			sourceTree = "<group>";
		};
		841E0B6425D5A3130013A20E /* Firebase */ = {
			isa = PBXGroup;
			children = (
				841E0B6025D5A30C0013A20E /* FirebaseAuthManager.swift */,
			);
			path = Firebase;
			sourceTree = "<group>";
		};
		8480E1C7260399A100D57738 /* View */ = {
			isa = PBXGroup;
			children = (
				84B002DC25EE69B800D4C82F /* ProfileVC.swift */,
			);
			path = View;
			sourceTree = "<group>";
		};
		848B7A4E2600A3F9005DE9D1 /* Screens */ = {
			isa = PBXGroup;
			children = (
				848B7A532600A486005DE9D1 /* Registration */,
				848B7A612600A4E2005DE9D1 /* SelectTestAndProfile */,
				84A81BF225D2C4FD0085A1FD /* Tests */,
			);
			path = Screens;
			sourceTree = "<group>";
		};
		848B7A532600A486005DE9D1 /* Registration */ = {
			isa = PBXGroup;
			children = (
				848B7A552600A48F005DE9D1 /* View */,
				848B7A5B2600A4B6005DE9D1 /* Presenter */,
			);
			path = Registration;
			sourceTree = "<group>";
		};
		848B7A552600A48F005DE9D1 /* View */ = {
			isa = PBXGroup;
			children = (
				84AF0F8A25B1E483007DE6CC /* RegistrationVC.swift */,
				8401D19726020B7100F6D079 /* FullRegistrationViewController.swift */,
			);
			path = View;
			sourceTree = "<group>";
		};
		848B7A592600A4AB005DE9D1 /* Profile */ = {
			isa = PBXGroup;
			children = (
				8480E1C7260399A100D57738 /* View */,
			);
			path = Profile;
			sourceTree = "<group>";
		};
		848B7A5B2600A4B6005DE9D1 /* Presenter */ = {
			isa = PBXGroup;
			children = (
				8434D24225B3C94400D5085B /* RegistrationPresenter.swift */,
			);
			path = Presenter;
			sourceTree = "<group>";
		};
		848B7A612600A4E2005DE9D1 /* SelectTestAndProfile */ = {
			isa = PBXGroup;
			children = (
				848B7A592600A4AB005DE9D1 /* Profile */,
				84DB8A9425D2B91800B220C4 /* SelectTestVC.swift */,
				841E0B4E25D5934E0013A20E /* SelectTestCell.swift */,
			);
			path = SelectTestAndProfile;
			sourceTree = "<group>";
		};
		8491C30D260667D300D86579 /* Videos */ = {
			isa = PBXGroup;
			children = (
				8491C30C260667CD00D86579 /* video1.mp4 */,
				845117B9260A202400D6849D /* Video2.mp4 */,
			);
			path = Videos;
			sourceTree = "<group>";
		};
		84A81BF225D2C4FD0085A1FD /* Tests */ = {
			isa = PBXGroup;
			children = (
				84A81BF925D2C5B10085A1FD /* Model */,
				84FA8E9526035B98001B5336 /* View */,
				84DB8A9C25D2C06800B220C4 /* Test.storyboard */,
			);
			path = Tests;
			sourceTree = "<group>";
		};
		84A81BF425D2C5760085A1FD /* LearnInformation */ = {
			isa = PBXGroup;
			children = (
				84A81BF525D2C5AD0085A1FD /* RelayTestVC.swift */,
				84989FFD25D447830037F96C /* RelayVideo.swift */,
				841E0B5525D59AE50013A20E /* StabilizerTestVC.swift */,
				841E0B5225D599D40013A20E /* StabilizerVideo.swift */,
			);
			path = LearnInformation;
			sourceTree = "<group>";
		};
		84A81BF925D2C5B10085A1FD /* Model */ = {
			isa = PBXGroup;
			children = (
				8434D23F25B3C93300D5085B /* ProductModel.swift */,
				8436D74425EE8504004EAB9D /* ScoreUserSettings.swift */,
			);
			path = Model;
			sourceTree = "<group>";
		};
		84AF0F7A25B1E483007DE6CC = {
			isa = PBXGroup;
			children = (
				84AF0F8525B1E483007DE6CC /* Electromarket */,
				84AF0F8425B1E483007DE6CC /* Products */,
				16127F9D67FC5DBDBF937B83 /* Pods */,
				4ECED3158655D6E12A55B719 /* Frameworks */,
			);
			sourceTree = "<group>";
		};
		84AF0F8425B1E483007DE6CC /* Products */ = {
			isa = PBXGroup;
			children = (
				84AF0F8325B1E483007DE6CC /* Electromarket.app */,
			);
			name = Products;
			sourceTree = "<group>";
		};
		84AF0F8525B1E483007DE6CC /* Electromarket */ = {
			isa = PBXGroup;
			children = (
				84AF0F8625B1E483007DE6CC /* AppDelegate.swift */,
				84AF0F8825B1E483007DE6CC /* SceneDelegate.swift */,
				848B7A4E2600A3F9005DE9D1 /* Screens */,
				848ADAB72603A1E9000EC2C3 /* TasksViewController.swift */,
				8480E1CD26039C5A00D57738 /* Tests.swift */,
				846477A9260486570078320A /* User.swift */,
				841E0B6425D5A3130013A20E /* Firebase */,
				8401D1922601ECBF00F6D079 /* Settings */,
				8491C30D260667D300D86579 /* Videos */,
				84AF0F8C25B1E483007DE6CC /* Main.storyboard */,
				84AF0F8F25B1E483007DE6CC /* Assets.xcassets */,
				84AF0F9125B1E483007DE6CC /* LaunchScreen.storyboard */,
				84AF0F9425B1E483007DE6CC /* Info.plist */,
				848B7A4B26008FCA005DE9D1 /* GoogleService-Info.plist */,
			);
			path = Electromarket;
			sourceTree = "<group>";
		};
		84FA8E9326035B47001B5336 /* Test */ = {
			isa = PBXGroup;
			children = (
				8498A00125D44F9B0037F96C /* RelayTest.swift */,
				841E0B5925D59C7F0013A20E /* StabilizerTest.swift */,
			);
			path = Test;
			sourceTree = "<group>";
		};
		84FA8E9526035B98001B5336 /* View */ = {
			isa = PBXGroup;
			children = (
				84A81BF425D2C5760085A1FD /* LearnInformation */,
				84FA8E9326035B47001B5336 /* Test */,
			);
			path = View;
			sourceTree = "<group>";
		};
/* End PBXGroup section */

/* Begin PBXNativeTarget section */
		84AF0F8225B1E483007DE6CC /* Electromarket */ = {
			isa = PBXNativeTarget;
			buildConfigurationList = 84AF0F9725B1E483007DE6CC /* Build configuration list for PBXNativeTarget "Electromarket" */;
			buildPhases = (
				A62F4626E42E63368118C2FC /* [CP] Check Pods Manifest.lock */,
				84AF0F7F25B1E483007DE6CC /* Sources */,
				84AF0F8025B1E483007DE6CC /* Frameworks */,
				84AF0F8125B1E483007DE6CC /* Resources */,
				1451BDF071C3E9BC456C4FFB /* [CP] Embed Pods Frameworks */,
			);
			buildRules = (
			);
			dependencies = (
			);
			name = Electromarket;
			productName = Electromarket;
			productReference = 84AF0F8325B1E483007DE6CC /* Electromarket.app */;
			productType = "com.apple.product-type.application";
		};
/* End PBXNativeTarget section */

/* Begin PBXProject section */
		84AF0F7B25B1E483007DE6CC /* Project object */ = {
			isa = PBXProject;
			attributes = {
				LastSwiftUpdateCheck = 1230;
				LastUpgradeCheck = 1230;
				TargetAttributes = {
					84AF0F8225B1E483007DE6CC = {
						CreatedOnToolsVersion = 12.3;
					};
				};
			};
			buildConfigurationList = 84AF0F7E25B1E483007DE6CC /* Build configuration list for PBXProject "Electromarket" */;
			compatibilityVersion = "Xcode 9.3";
			developmentRegion = en;
			hasScannedForEncodings = 0;
			knownRegions = (
				en,
				Base,
			);
			mainGroup = 84AF0F7A25B1E483007DE6CC;
			productRefGroup = 84AF0F8425B1E483007DE6CC /* Products */;
			projectDirPath = "";
			projectRoot = "";
			targets = (
				84AF0F8225B1E483007DE6CC /* Electromarket */,
			);
		};
/* End PBXProject section */

/* Begin PBXResourcesBuildPhase section */
		84AF0F8125B1E483007DE6CC /* Resources */ = {
			isa = PBXResourcesBuildPhase;
			buildActionMask = 2147483647;
			files = (
				84AF0F9325B1E483007DE6CC /* LaunchScreen.storyboard in Resources */,
				84AF0F9025B1E483007DE6CC /* Assets.xcassets in Resources */,
				848B7A4C26008FCA005DE9D1 /* GoogleService-Info.plist in Resources */,
				84DB8A9D25D2C06800B220C4 /* Test.storyboard in Resources */,
				84AF0F8E25B1E483007DE6CC /* Main.storyboard in Resources */,
			);
			runOnlyForDeploymentPostprocessing = 0;
		};
/* End PBXResourcesBuildPhase section */

/* Begin PBXShellScriptBuildPhase section */
		1451BDF071C3E9BC456C4FFB /* [CP] Embed Pods Frameworks */ = {
			isa = PBXShellScriptBuildPhase;
			buildActionMask = 2147483647;
			files = (
			);
			inputFileListPaths = (
				"${PODS_ROOT}/Target Support Files/Pods-Electromarket/Pods-Electromarket-frameworks-${CONFIGURATION}-input-files.xcfilelist",
			);
			name = "[CP] Embed Pods Frameworks";
			outputFileListPaths = (
				"${PODS_ROOT}/Target Support Files/Pods-Electromarket/Pods-Electromarket-frameworks-${CONFIGURATION}-output-files.xcfilelist",
			);
			runOnlyForDeploymentPostprocessing = 0;
			shellPath = /bin/sh;
			shellScript = "\"${PODS_ROOT}/Target Support Files/Pods-Electromarket/Pods-Electromarket-frameworks.sh\"\n";
			showEnvVarsInLog = 0;
		};
		A62F4626E42E63368118C2FC /* [CP] Check Pods Manifest.lock */ = {
			isa = PBXShellScriptBuildPhase;
			buildActionMask = 2147483647;
			files = (
			);
			inputFileListPaths = (
			);
			inputPaths = (
				"${PODS_PODFILE_DIR_PATH}/Podfile.lock",
				"${PODS_ROOT}/Manifest.lock",
			);
			name = "[CP] Check Pods Manifest.lock";
			outputFileListPaths = (
			);
			outputPaths = (
				"$(DERIVED_FILE_DIR)/Pods-Electromarket-checkManifestLockResult.txt",
			);
			runOnlyForDeploymentPostprocessing = 0;
			shellPath = /bin/sh;
			shellScript = "diff \"${PODS_PODFILE_DIR_PATH}/Podfile.lock\" \"${PODS_ROOT}/Manifest.lock\" > /dev/null\nif [ $? != 0 ] ; then\n    # print error to STDERR\n    echo \"error: The sandbox is not in sync with the Podfile.lock. Run 'pod install' or update your CocoaPods installation.\" >&2\n    exit 1\nfi\n# This output is used by Xcode 'outputs' to avoid re-running this script phase.\necho \"SUCCESS\" > \"${SCRIPT_OUTPUT_FILE_0}\"\n";
			showEnvVarsInLog = 0;
		};
/* End PBXShellScriptBuildPhase section */

/* Begin PBXSourcesBuildPhase section */
		84AF0F7F25B1E483007DE6CC /* Sources */ = {
			isa = PBXSourcesBuildPhase;
			buildActionMask = 2147483647;
			files = (
				841E0B5A25D59C7F0013A20E /* StabilizerTest.swift in Sources */,
				84DB8A9525D2B91800B220C4 /* SelectTestVC.swift in Sources */,
				8436D74525EE8504004EAB9D /* ScoreUserSettings.swift in Sources */,
				841E0B4F25D5934E0013A20E /* SelectTestCell.swift in Sources */,
				8401D19C26020C2D00F6D079 /* UserSettings.swift in Sources */,
				8401D19826020B7100F6D079 /* FullRegistrationViewController.swift in Sources */,
				848ADAB82603A1E9000EC2C3 /* TasksViewController.swift in Sources */,
				84AF0F8B25B1E483007DE6CC /* RegistrationVC.swift in Sources */,
				84AF0F8725B1E483007DE6CC /* AppDelegate.swift in Sources */,
				8434D24325B3C94400D5085B /* RegistrationPresenter.swift in Sources */,
				84AF0F8925B1E483007DE6CC /* SceneDelegate.swift in Sources */,
				8401D1902601ECBC00F6D079 /* RootControllerSettings.swift in Sources */,
				841E0B5325D599D40013A20E /* StabilizerVideo.swift in Sources */,
				841E0B6125D5A30C0013A20E /* FirebaseAuthManager.swift in Sources */,
				8480E1CE26039C5A00D57738 /* Tests.swift in Sources */,
				84A81BF625D2C5AD0085A1FD /* RelayTestVC.swift in Sources */,
				8434D24025B3C93300D5085B /* ProductModel.swift in Sources */,
				84B002DD25EE69B800D4C82F /* ProfileVC.swift in Sources */,
				846477AA260486570078320A /* User.swift in Sources */,
				84989FFE25D447830037F96C /* RelayVideo.swift in Sources */,
				8498A00225D44F9B0037F96C /* RelayTest.swift in Sources */,
				841E0B5625D59AE50013A20E /* StabilizerTestVC.swift in Sources */,
			);
			runOnlyForDeploymentPostprocessing = 0;
		};
/* End PBXSourcesBuildPhase section */

/* Begin PBXVariantGroup section */
		84AF0F8C25B1E483007DE6CC /* Main.storyboard */ = {
			isa = PBXVariantGroup;
			children = (
				84AF0F8D25B1E483007DE6CC /* Base */,
			);
			name = Main.storyboard;
			sourceTree = "<group>";
		};
		84AF0F9125B1E483007DE6CC /* LaunchScreen.storyboard */ = {
			isa = PBXVariantGroup;
			children = (
				84AF0F9225B1E483007DE6CC /* Base */,
			);
			name = LaunchScreen.storyboard;
			sourceTree = "<group>";
		};
/* End PBXVariantGroup section */

/* Begin XCBuildConfiguration section */
		84AF0F9525B1E483007DE6CC /* Debug */ = {
			isa = XCBuildConfiguration;
			buildSettings = {
				ALWAYS_SEARCH_USER_PATHS = NO;
				CLANG_ANALYZER_NONNULL = YES;
				CLANG_ANALYZER_NUMBER_OBJECT_CONVERSION = YES_AGGRESSIVE;
				CLANG_CXX_LANGUAGE_STANDARD = "gnu++14";
				CLANG_CXX_LIBRARY = "libc++";
				CLANG_ENABLE_MODULES = YES;
				CLANG_ENABLE_OBJC_ARC = YES;
				CLANG_ENABLE_OBJC_WEAK = YES;
				CLANG_WARN_BLOCK_CAPTURE_AUTORELEASING = YES;
				CLANG_WARN_BOOL_CONVERSION = YES;
				CLANG_WARN_COMMA = YES;
				CLANG_WARN_CONSTANT_CONVERSION = YES;
				CLANG_WARN_DEPRECATED_OBJC_IMPLEMENTATIONS = YES;
				CLANG_WARN_DIRECT_OBJC_ISA_USAGE = YES_ERROR;
				CLANG_WARN_DOCUMENTATION_COMMENTS = YES;
				CLANG_WARN_EMPTY_BODY = YES;
				CLANG_WARN_ENUM_CONVERSION = YES;
				CLANG_WARN_INFINITE_RECURSION = YES;
				CLANG_WARN_INT_CONVERSION = YES;
				CLANG_WARN_NON_LITERAL_NULL_CONVERSION = YES;
				CLANG_WARN_OBJC_IMPLICIT_RETAIN_SELF = YES;
				CLANG_WARN_OBJC_LITERAL_CONVERSION = YES;
				CLANG_WARN_OBJC_ROOT_CLASS = YES_ERROR;
				CLANG_WARN_QUOTED_INCLUDE_IN_FRAMEWORK_HEADER = YES;
				CLANG_WARN_RANGE_LOOP_ANALYSIS = YES;
				CLANG_WARN_STRICT_PROTOTYPES = YES;
				CLANG_WARN_SUSPICIOUS_MOVE = YES;
				CLANG_WARN_UNGUARDED_AVAILABILITY = YES_AGGRESSIVE;
				CLANG_WARN_UNREACHABLE_CODE = YES;
				CLANG_WARN__DUPLICATE_METHOD_MATCH = YES;
				COPY_PHASE_STRIP = NO;
				DEBUG_INFORMATION_FORMAT = dwarf;
				ENABLE_STRICT_OBJC_MSGSEND = YES;
				ENABLE_TESTABILITY = YES;
				GCC_C_LANGUAGE_STANDARD = gnu11;
				GCC_DYNAMIC_NO_PIC = NO;
				GCC_NO_COMMON_BLOCKS = YES;
				GCC_OPTIMIZATION_LEVEL = 0;
				GCC_PREPROCESSOR_DEFINITIONS = (
					"DEBUG=1",
					"$(inherited)",
				);
				GCC_WARN_64_TO_32_BIT_CONVERSION = YES;
				GCC_WARN_ABOUT_RETURN_TYPE = YES_ERROR;
				GCC_WARN_UNDECLARED_SELECTOR = YES;
				GCC_WARN_UNINITIALIZED_AUTOS = YES_AGGRESSIVE;
				GCC_WARN_UNUSED_FUNCTION = YES;
				GCC_WARN_UNUSED_VARIABLE = YES;
				IPHONEOS_DEPLOYMENT_TARGET = 14.3;
				MTL_ENABLE_DEBUG_INFO = INCLUDE_SOURCE;
				MTL_FAST_MATH = YES;
				ONLY_ACTIVE_ARCH = YES;
				SDKROOT = iphoneos;
				SWIFT_ACTIVE_COMPILATION_CONDITIONS = DEBUG;
				SWIFT_OPTIMIZATION_LEVEL = "-Onone";
			};
			name = Debug;
		};
		84AF0F9625B1E483007DE6CC /* Release */ = {
			isa = XCBuildConfiguration;
			buildSettings = {
				ALWAYS_SEARCH_USER_PATHS = NO;
				CLANG_ANALYZER_NONNULL = YES;
				CLANG_ANALYZER_NUMBER_OBJECT_CONVERSION = YES_AGGRESSIVE;
				CLANG_CXX_LANGUAGE_STANDARD = "gnu++14";
				CLANG_CXX_LIBRARY = "libc++";
				CLANG_ENABLE_MODULES = YES;
				CLANG_ENABLE_OBJC_ARC = YES;
				CLANG_ENABLE_OBJC_WEAK = YES;
				CLANG_WARN_BLOCK_CAPTURE_AUTORELEASING = YES;
				CLANG_WARN_BOOL_CONVERSION = YES;
				CLANG_WARN_COMMA = YES;
				CLANG_WARN_CONSTANT_CONVERSION = YES;
				CLANG_WARN_DEPRECATED_OBJC_IMPLEMENTATIONS = YES;
				CLANG_WARN_DIRECT_OBJC_ISA_USAGE = YES_ERROR;
				CLANG_WARN_DOCUMENTATION_COMMENTS = YES;
				CLANG_WARN_EMPTY_BODY = YES;
				CLANG_WARN_ENUM_CONVERSION = YES;
				CLANG_WARN_INFINITE_RECURSION = YES;
				CLANG_WARN_INT_CONVERSION = YES;
				CLANG_WARN_NON_LITERAL_NULL_CONVERSION = YES;
				CLANG_WARN_OBJC_IMPLICIT_RETAIN_SELF = YES;
				CLANG_WARN_OBJC_LITERAL_CONVERSION = YES;
				CLANG_WARN_OBJC_ROOT_CLASS = YES_ERROR;
				CLANG_WARN_QUOTED_INCLUDE_IN_FRAMEWORK_HEADER = YES;
				CLANG_WARN_RANGE_LOOP_ANALYSIS = YES;
				CLANG_WARN_STRICT_PROTOTYPES = YES;
				CLANG_WARN_SUSPICIOUS_MOVE = YES;
				CLANG_WARN_UNGUARDED_AVAILABILITY = YES_AGGRESSIVE;
				CLANG_WARN_UNREACHABLE_CODE = YES;
				CLANG_WARN__DUPLICATE_METHOD_MATCH = YES;
				COPY_PHASE_STRIP = NO;
				DEBUG_INFORMATION_FORMAT = "dwarf-with-dsym";
				ENABLE_NS_ASSERTIONS = NO;
				ENABLE_STRICT_OBJC_MSGSEND = YES;
				GCC_C_LANGUAGE_STANDARD = gnu11;
				GCC_NO_COMMON_BLOCKS = YES;
				GCC_WARN_64_TO_32_BIT_CONVERSION = YES;
				GCC_WARN_ABOUT_RETURN_TYPE = YES_ERROR;
				GCC_WARN_UNDECLARED_SELECTOR = YES;
				GCC_WARN_UNINITIALIZED_AUTOS = YES_AGGRESSIVE;
				GCC_WARN_UNUSED_FUNCTION = YES;
				GCC_WARN_UNUSED_VARIABLE = YES;
				IPHONEOS_DEPLOYMENT_TARGET = 14.3;
				MTL_ENABLE_DEBUG_INFO = NO;
				MTL_FAST_MATH = YES;
				SDKROOT = iphoneos;
				SWIFT_COMPILATION_MODE = wholemodule;
				SWIFT_OPTIMIZATION_LEVEL = "-O";
				VALIDATE_PRODUCT = YES;
			};
			name = Release;
		};
		84AF0F9825B1E483007DE6CC /* Debug */ = {
			isa = XCBuildConfiguration;
			baseConfigurationReference = 3E2366C746A1856F5F00A56A /* Pods-Electromarket.debug.xcconfig */;
			buildSettings = {
				ASSETCATALOG_COMPILER_APPICON_NAME = AppIcon;
				ASSETCATALOG_COMPILER_GLOBAL_ACCENT_COLOR_NAME = AccentColor;
				CODE_SIGN_STYLE = Automatic;
				DEVELOPMENT_TEAM = XK4D24WZ52;
				INFOPLIST_FILE = Electromarket/Info.plist;
				IPHONEOS_DEPLOYMENT_TARGET = 14.4;
				LD_RUNPATH_SEARCH_PATHS = (
					"$(inherited)",
					"@executable_path/Frameworks",
				);
				PRODUCT_BUNDLE_IDENTIFIER = com.muslim.Electromarket;
				PRODUCT_NAME = "$(TARGET_NAME)";
				SWIFT_VERSION = 5.0;
				TARGETED_DEVICE_FAMILY = 1;
			};
			name = Debug;
		};
		84AF0F9925B1E483007DE6CC /* Release */ = {
			isa = XCBuildConfiguration;
			baseConfigurationReference = 7D5C7F0E30C3547AE5779C27 /* Pods-Electromarket.release.xcconfig */;
			buildSettings = {
				ASSETCATALOG_COMPILER_APPICON_NAME = AppIcon;
				ASSETCATALOG_COMPILER_GLOBAL_ACCENT_COLOR_NAME = AccentColor;
				CODE_SIGN_STYLE = Automatic;
				DEVELOPMENT_TEAM = XK4D24WZ52;
				INFOPLIST_FILE = Electromarket/Info.plist;
				IPHONEOS_DEPLOYMENT_TARGET = 14.4;
				LD_RUNPATH_SEARCH_PATHS = (
					"$(inherited)",
					"@executable_path/Frameworks",
				);
				PRODUCT_BUNDLE_IDENTIFIER = com.muslim.Electromarket;
				PRODUCT_NAME = "$(TARGET_NAME)";
				SWIFT_VERSION = 5.0;
				TARGETED_DEVICE_FAMILY = 1;
			};
			name = Release;
		};
/* End XCBuildConfiguration section */

/* Begin XCConfigurationList section */
		84AF0F7E25B1E483007DE6CC /* Build configuration list for PBXProject "Electromarket" */ = {
			isa = XCConfigurationList;
			buildConfigurations = (
				84AF0F9525B1E483007DE6CC /* Debug */,
				84AF0F9625B1E483007DE6CC /* Release */,
			);
			defaultConfigurationIsVisible = 0;
			defaultConfigurationName = Release;
		};
		84AF0F9725B1E483007DE6CC /* Build configuration list for PBXNativeTarget "Electromarket" */ = {
			isa = XCConfigurationList;
			buildConfigurations = (
				84AF0F9825B1E483007DE6CC /* Debug */,
				84AF0F9925B1E483007DE6CC /* Release */,
			);
			defaultConfigurationIsVisible = 0;
			defaultConfigurationName = Release;
		};
/* End XCConfigurationList section */
	};
	rootObject = 84AF0F7B25B1E483007DE6CC /* Project object */;
}
